
Microsoft Visual Studio Solution File, Format Version 12.00
# Visual Studio Version 17
VisualStudioVersion = 17.0.32014.148
MinimumVisualStudioVersion = 10.0.40219.1
Project("{FAE04EC0-301F-11D3-BF4B-00C04F79EFBC}") = "Chathub", "Chathub\Chathub.csproj", "{22AD076D-CFDC-4722-ABC8-ED0E63CF444B}"
EndProject
Global
	GlobalSection(SolutionConfigurationPlatforms) = preSolution
		Debug|Any CPU = Debug|Any CPU
		Release|Any CPU = Release|Any CPU
	EndGlobalSection
	GlobalSection(ProjectConfigurationPlatforms) = postSolution
		{22AD076D-CFDC-4722-ABC8-ED0E63CF444B}.Debug|Any CPU.ActiveCfg = Debug|Any CPU
		{22AD076D-CFDC-4722-ABC8-ED0E63CF444B}.Debug|Any CPU.Build.0 = Debug|Any CPU
		{22AD076D-CFDC-4722-ABC8-ED0E63CF444B}.Release|Any CPU.ActiveCfg = Release|Any CPU
		{22AD076D-CFDC-4722-ABC8-ED0E63CF444B}.Release|Any CPU.Build.0 = Release|Any CPU
	EndGlobalSection
	GlobalSection(SolutionProperties) = preSolution
		HideSolutionNode = FALSE
	EndGlobalSection
	GlobalSection(ExtensibilityGlobals) = postSolution
		SolutionGuid = {7FA8D63F-B199-4598-A23F-A524929ECC0C}
	EndGlobalSection
EndGlobal
